github.com/cybergarage/go-cbor v1.3.2 h1:2XMRZcklxQn8OPXrKbtEEXSs+cw/YTqwBH7iu4YcWBQ=
github.com/cybergarage/go-cbor v1.3.2/go.mod h1:cook89Gbmskra2R73QogBAfPqVSYJE7tlY9M25uaVfI=
github.com/cybergarage/go-logger v1.3.11 h1:NwnC7cD/IDkdwBYhSODXaMEBmAu3c/jK4Q2XDsg1fno=
github.com/cybergarage/go-logger v1.3.11/go.mod h1:SU5vzAFJOTs89JXk+Jn89RaNmcR07parcJgnW4e8aDw=
github.com/cybergarage/go-pict v1.0.2 h1:zDRXx1Uy4GX+SsDIt49GjaaLSqv2biJNPUmffpxssQI=
github.com/cybergarage/go-pict v1.0.2/go.mod h1:eeEV4Pti9HwcrOrbUygpCu4j9F5I1cny8FHpBzkkyJ0=
github.com/cybergarage/go-safecast v1.3.5 h1:dCroj5TEEhwLVMGCzWQgQLBrtbSWTb8JNw/8UQMtt1E=
github.com/cybergarage/go-safecast v1.3.5/go.mod h1:1Ds38TLydkKlIe7hXG3Zy/I1JmwaN9OuWLP0psFi3X0=
github.com/cybergarage/go-serix v0.9.1-0.20251124080038-8b520a1122cc h1:7b2SGtHciTfn/7AUAmRXabJ4PT/BjW0aipq1pgymFwA=
github.com/cybergarage/go-serix v0.9.1-0.20251124080038-8b520a1122cc/go.mod h1:gNkmT9JOS7XliSTHsxY4sjy9j8pOwBklcSweSf8nt7s=
github.com/cybergarage/go-serix v0.9.1-0.20251204110510-eb9edaa992ee h1:rV0GwqSV8zkQQZpHcg6meQpl/QTCuQ0N52U2F1eN3+0=
github.com/cybergarage/go-serix v0.9.1-0.20251204110510-eb9edaa992ee/go.mod h1:gNkmT9JOS7XliSTHsxY4sjy9j8pOwBklcSweSf8nt7s=
github.com/cybergarage/go-serix v0.9.1-0.20251228122851-1bb86777cf57 h1:34Wdd/KU2f4u5RqD7qYScdzzMSuHE0U0x8ZKM++VQXs=
github.com/cybergarage/go-serix v0.9.1-0.20251228122851-1bb86777cf57/go.mod h1:gNkmT9JOS7XliSTHsxY4sjy9j8pOwBklcSweSf8nt7s=
github.com/cybergarage/go-serix v0.9.1-0.20251229130835-5b61be5c8128 h1:ka/eIT5M/e8dc4LfaNuFYOVCyCXIlrm+3h8B5P53GuY=
github.com/cybergarage/go-serix v0.9.1-0.20251229130835-5b61be5c8128/go.mod h1:gNkmT9JOS7XliSTHsxY4sjy9j8pOwBklcSweSf8nt7s=
github.com/cybergarage/go-serix v0.9.1-0.20260110102223-47d7243f7044 h1:3+vDD23gindxRa8l0/rPiw/uiELa2ACRd/0W/ZNS/18=
github.com/cybergarage/go-serix v0.9.1-0.20260110102223-47d7243f7044/go.mod h1:gNkmT9JOS7XliSTHsxY4sjy9j8pOwBklcSweSf8nt7s=
github.com/cybergarage/go-serix v0.9.1-0.20260124045254-10bb21c800f0 h1:vhAjtoGc5TR+nK0Ry4rUn+/ddJ+IPvf+ZHge1jVINkY=
github.com/cybergarage/go-serix v0.9.1-0.20260124045254-10bb21c800f0/go.mod h1:gNkmT9JOS7XliSTHsxY4sjy9j8pOwBklcSweSf8nt7s=
github.com/cybergarage/go-serix v0.9.1-0.20260124122248-8f3b1b3dcefe h1:t2mrUrPBQF8R4LYtuI2lwksIs6djszdX9ZfYaNrrOUE=
github.com/cybergarage/go-serix v0.9.1-0.20260124122248-8f3b1b3dcefe/go.mod h1:gNkmT9JOS7XliSTHsxY4sjy9j8pOwBklcSweSf8nt7s=
github.com/google/uuid v1.6.0 h1:NIvaJDMOsjHA8n1jAhLSgzrAzy1Hgr+hNrb57e+94F0=
github.com/google/uuid v1.6.0/go.mod h1:TIyPZe4MgqvfeYDBFedMoGGpEw/LqOeaOT+nhxU+yHo=
github.com/hashicorp/go-immutable-radix v1.3.1 h1:DKHmCUm2hRBK510BaiZlwvpD40f8bJFeZnpfm2KLowc=
github.com/hashicorp/go-immutable-radix v1.3.1/go.mod h1:0y9vanUI8NX6FsYoO3zeMjhV/C5i9g4Q3DwcSNZ4P60=
github.com/hashicorp/go-memdb v1.3.5 h1:b3taDMxCBCBVgyRrS1AZVHO14ubMYZB++QpNhBg+Nyo=
github.com/hashicorp/go-memdb v1.3.5/go.mod h1:8IVKKBkVe+fxFgdFOYxzQQNjz+sWCyHCdIC/+5+Vy1Y=
github.com/hashicorp/go-uuid v1.0.0/go.mod h1:6SBZvOh/SIDV7/2o3Jml5SYk/TvGqwFJ/bN7x4byOro=
github.com/hashicorp/go-uuid v1.0.2 h1:cfejS+Tpcp13yd5nYHWDI6qVCny6wyX2Mt5SGur2IGE=
github.com/hashicorp/go-uuid v1.0.2/go.mod h1:6SBZvOh/SIDV7/2o3Jml5SYk/TvGqwFJ/bN7x4byOro=
github.com/hashicorp/golang-lru v0.5.0/go.mod h1:/m3WP610KZHVQ1SGc6re/UDhFvYD7pJ4Ao+sR/qLZy8=
github.com/hashicorp/golang-lru v0.5.4/go.mod h1:iADmTwqILo4mZ8BN3D2Q6+9jd8WM5uGBxy+E8yxSoD4=
github.com/hashicorp/golang-lru v1.0.2 h1:dV3g9Z/unq5DpblPpw+Oqcv4dU/1omnb4Ok8iPY6p1c=
github.com/hashicorp/golang-lru v1.0.2/go.mod h1:iADmTwqILo4mZ8BN3D2Q6+9jd8WM5uGBxy+E8yxSoD4=
